// !$*UTF8*$!
{
	archiveVersion = 1;
	classes = {
	};
	objectVersion = 50;
	objects = {

/* Begin PBXBuildFile section */
		04CEEB932171B17F007E4BAF /* AppDelegate.m in Sources */ = {isa = PBXBuildFile; fileRef = 04CEEB922171B17F007E4BAF /* AppDelegate.m */; };
		04CEEB992171B17F007E4BAF /* Main.storyboard in Resources */ = {isa = PBXBuildFile; fileRef = 04CEEB972171B17F007E4BAF /* Main.storyboard */; };
		04CEEB9B2171B181007E4BAF /* Assets.xcassets in Resources */ = {isa = PBXBuildFile; fileRef = 04CEEB9A2171B181007E4BAF /* Assets.xcassets */; };
		04CEEB9E2171B181007E4BAF /* LaunchScreen.storyboard in Resources */ = {isa = PBXBuildFile; fileRef = 04CEEB9C2171B181007E4BAF /* LaunchScreen.storyboard */; };
		04CEEBA12171B181007E4BAF /* main.m in Sources */ = {isa = PBXBuildFile; fileRef = 04CEEBA02171B181007E4BAF /* main.m */; };
		04CEEBA92171B23F007E4BAF /* OneViewController.m in Sources */ = {isa = PBXBuildFile; fileRef = 04CEEBA82171B23F007E4BAF /* OneViewController.m */; };
		04CEEBAC2171B249007E4BAF /* TwoViewController.m in Sources */ = {isa = PBXBuildFile; fileRef = 04CEEBAB2171B249007E4BAF /* TwoViewController.m */; };
/* End PBXBuildFile section */

/* Begin PBXFileReference section */
		04CEEB8E2171B17F007E4BAF /* 使用block的回调传值.app */ = {isa = PBXFileReference; explicitFileType = wrapper.application; includeInIndex = 0; path = "使用block的回调传值.app"; sourceTree = BUILT_PRODUCTS_DIR; };
		04CEEB912171B17F007E4BAF /* AppDelegate.h */ = {isa = PBXFileReference; lastKnownFileType = sourcecode.c.h; path = AppDelegate.h; sourceTree = "<group>"; };
		04CEEB922171B17F007E4BAF /* AppDelegate.m */ = {isa = PBXFileReference; lastKnownFileType = sourcecode.c.objc; path = AppDelegate.m; sourceTree = "<group>"; };
		04CEEB982171B17F007E4BAF /* Base */ = {isa = PBXFileReference; lastKnownFileType = file.storyboard; name = Base; path = Base.lproj/Main.storyboard; sourceTree = "<group>"; };
		04CEEB9A2171B181007E4BAF /* Assets.xcassets */ = {isa = PBXFileReference; lastKnownFileType = folder.assetcatalog; path = Assets.xcassets; sourceTree = "<group>"; };
		04CEEB9D2171B181007E4BAF /* Base */ = {isa = PBXFileReference; lastKnownFileType = file.storyboard; name = Base; path = Base.lproj/LaunchScreen.storyboard; sourceTree = "<group>"; };
		04CEEB9F2171B181007E4BAF /* Info.plist */ = {isa = PBXFileReference; lastKnownFileType = text.plist.xml; path = Info.plist; sourceTree = "<group>"; };
		04CEEBA02171B181007E4BAF /* main.m */ = {isa = PBXFileReference; lastKnownFileType = sourcecode.c.objc; path = main.m; sourceTree = "<group>"; };
		04CEEBA72171B23F007E4BAF /* OneViewController.h */ = {isa = PBXFileReference; lastKnownFileType = sourcecode.c.h; path = OneViewController.h; sourceTree = "<group>"; };
		04CEEBA82171B23F007E4BAF /* OneViewController.m */ = {isa = PBXFileReference; lastKnownFileType = sourcecode.c.objc; path = OneViewController.m; sourceTree = "<group>"; };
		04CEEBAA2171B249007E4BAF /* TwoViewController.h */ = {isa = PBXFileReference; lastKnownFileType = sourcecode.c.h; path = TwoViewController.h; sourceTree = "<group>"; };
		04CEEBAB2171B249007E4BAF /* TwoViewController.m */ = {isa = PBXFileReference; lastKnownFileType = sourcecode.c.objc; path = TwoViewController.m; sourceTree = "<group>"; };
/* End PBXFileReference section */

/* Begin PBXFrameworksBuildPhase section */
		04CEEB8B2171B17F007E4BAF /* Frameworks */ = {
			isa = PBXFrameworksBuildPhase;
			buildActionMask = 2147483647;
			files = (
			);
			runOnlyForDeploymentPostprocessing = 0;
		};
/* End PBXFrameworksBuildPhase section */

/* Begin PBXGroup section */
		04CEEB852171B17F007E4BAF = {
			isa = PBXGroup;
			children = (
				04CEEB902171B17F007E4BAF /* 使用block的回调传值 */,
				04CEEB8F2171B17F007E4BAF /* Products */,
			);
			sourceTree = "<group>";
		};
		04CEEB8F2171B17F007E4BAF /* Products */ = {
			isa = PBXGroup;
			children = (
				04CEEB8E2171B17F007E4BAF /* 使用block的回调传值.app */,
			);
			name = Products;
			sourceTree = "<group>";
		};
		04CEEB902171B17F007E4BAF /* 使用block的回调传值 */ = {
			isa = PBXGroup;
			children = (
				04CEEB912171B17F007E4BAF /* AppDelegate.h */,
				04CEEB922171B17F007E4BAF /* AppDelegate.m */,
				04CEEB972171B17F007E4BAF /* Main.storyboard */,
				04CEEB9A2171B181007E4BAF /* Assets.xcassets */,
				04CEEB9C2171B181007E4BAF /* LaunchScreen.storyboard */,
				04CEEB9F2171B181007E4BAF /* Info.plist */,
				04CEEBA02171B181007E4BAF /* main.m */,
				04CEEBA72171B23F007E4BAF /* OneViewController.h */,
				04CEEBA82171B23F007E4BAF /* OneViewController.m */,
				04CEEBAA2171B249007E4BAF /* TwoViewController.h */,
				04CEEBAB2171B249007E4BAF /* TwoViewController.m */,
			);
			path = "使用block的回调传值";
			sourceTree = "<group>";
		};
/* End PBXGroup section */

/* Begin PBXNativeTarget section */
		04CEEB8D2171B17F007E4BAF /* 使用block的回调传值 */ = {
			isa = PBXNativeTarget;
			buildConfigurationList = 04CEEBA42171B181007E4BAF /* Build configuration list for PBXNativeTarget "使用block的回调传值" */;
			buildPhases = (
				04CEEB8A2171B17F007E4BAF /* Sources */,
				04CEEB8B2171B17F007E4BAF /* Frameworks */,
				04CEEB8C2171B17F007E4BAF /* Resources */,
			);
			buildRules = (
			);
			dependencies = (
			);
			name = "使用block的回调传值";
			productName = "使用block的回调传值";
			productReference = 04CEEB8E2171B17F007E4BAF /* 使用block的回调传值.app */;
			productType = "com.apple.product-type.application";
		};
/* End PBXNativeTarget section */

/* Begin PBXProject section */
		04CEEB862171B17F007E4BAF /* Project object */ = {
			isa = PBXProject;
			attributes = {
				LastUpgradeCheck = 1000;
				ORGANIZATIONNAME = "姜凯文";
				TargetAttributes = {
					04CEEB8D2171B17F007E4BAF = {
						CreatedOnToolsVersion = 10.0;
					};
				};
			};
			buildConfigurationList = 04CEEB892171B17F007E4BAF /* Build configuration list for PBXProject "使用block的回调传值" */;
			compatibilityVersion = "Xcode 9.3";
			developmentRegion = en;
			hasScannedForEncodings = 0;
			knownRegions = (
				en,
				Base,
			);
			mainGroup = 04CEEB852171B17F007E4BAF;
			productRefGroup = 04CEEB8F2171B17F007E4BAF /* Products */;
			projectDirPath = "";
			projectRoot = "";
			targets = (
				04CEEB8D2171B17F007E4BAF /* 使用block的回调传值 */,
			);
		};
/* End PBXProject section */

/* Begin PBXResourcesBuildPhase section */
		04CEEB8C2171B17F007E4BAF /* Resources */ = {
			isa = PBXResourcesBuildPhase;
			buildActionMask = 2147483647;
			files = (
				04CEEB9E2171B181007E4BAF /* LaunchScreen.storyboard in Resources */,
				04CEEB9B2171B181007E4BAF /* Assets.xcassets in Resources */,
				04CEEB992171B17F007E4BAF /* Main.storyboard in Resources */,
			);
			runOnlyForDeploymentPostprocessing = 0;
		};
/* End PBXResourcesBuildPhase section */

/* Begin PBXSourcesBuildPhase section */
		04CEEB8A2171B17F007E4BAF /* Sources */ = {
			isa = PBXSourcesBuildPhase;
			buildActionMask = 2147483647;
			files = (
				04CEEBA92171B23F007E4BAF /* OneViewController.m in Sources */,
				04CEEBA12171B181007E4BAF /* main.m in Sources */,
				04CEEB932171B17F007E4BAF /* AppDelegate.m in Sources */,
				04CEEBAC2171B249007E4BAF /* TwoViewController.m in Sources */,
			);
			runOnlyForDeploymentPostprocessing = 0;
		};
/* End PBXSourcesBuildPhase section */

/* Begin PBXVariantGroup section */
		04CEEB972171B17F007E4BAF /* Main.storyboard */ = {
			isa = PBXVariantGroup;
			children = (
				04CEEB982171B17F007E4BAF /* Base */,
			);
			name = Main.storyboard;
			sourceTree = "<group>";
		};
		04CEEB9C2171B181007E4BAF /* LaunchScreen.storyboard */ = {
			isa = PBXVariantGroup;
			children = (
				04CEEB9D2171B181007E4BAF /* Base */,
			);
			name = LaunchScreen.storyboard;
			sourceTree = "<group>";
		};
/* End PBXVariantGroup section */

/* Begin XCBuildConfiguration section */
		04CEEBA22171B181007E4BAF /* Debug */ = {
			isa = XCBuildConfiguration;
			buildSettings = {
				ALWAYS_SEARCH_USER_PATHS = NO;
				CLANG_ANALYZER_NONNULL = YES;
				CLANG_ANALYZER_NUMBER_OBJECT_CONVERSION = YES_AGGRESSIVE;
				CLANG_CXX_LANGUAGE_STANDARD = "gnu++14";
				CLANG_CXX_LIBRARY = "libc++";
				CLANG_ENABLE_MODULES = YES;
				CLANG_ENABLE_OBJC_ARC = YES;
				CLANG_ENABLE_OBJC_WEAK = YES;
				CLANG_WARN_BLOCK_CAPTURE_AUTORELEASING = YES;
				CLANG_WARN_BOOL_CONVERSION = YES;
				CLANG_WARN_COMMA = YES;
				CLANG_WARN_CONSTANT_CONVERSION = YES;
				CLANG_WARN_DEPRECATED_OBJC_IMPLEMENTATIONS = YES;
				CLANG_WARN_DIRECT_OBJC_ISA_USAGE = YES_ERROR;
				CLANG_WARN_DOCUMENTATION_COMMENTS = YES;
				CLANG_WARN_EMPTY_BODY = YES;
				CLANG_WARN_ENUM_CONVERSION = YES;
				CLANG_WARN_INFINITE_RECURSION = YES;
				CLANG_WARN_INT_CONVERSION = YES;
				CLANG_WARN_NON_LITERAL_NULL_CONVERSION = YES;
				CLANG_WARN_OBJC_IMPLICIT_RETAIN_SELF = YES;
				CLANG_WARN_OBJC_LITERAL_CONVERSION = YES;
				CLANG_WARN_OBJC_ROOT_CLASS = YES_ERROR;
				CLANG_WARN_RANGE_LOOP_ANALYSIS = YES;
				CLANG_WARN_STRICT_PROTOTYPES = YES;
				CLANG_WARN_SUSPICIOUS_MOVE = YES;
				CLANG_WARN_UNGUARDED_AVAILABILITY = YES_AGGRESSIVE;
				CLANG_WARN_UNREACHABLE_CODE = YES;
				CLANG_WARN__DUPLICATE_METHOD_MATCH = YES;
				CODE_SIGN_IDENTITY = "iPhone Developer";
				COPY_PHASE_STRIP = NO;
				DEBUG_INFORMATION_FORMAT = dwarf;
				ENABLE_STRICT_OBJC_MSGSEND = YES;
				ENABLE_TESTABILITY = YES;
				GCC_C_LANGUAGE_STANDARD = gnu11;
				GCC_DYNAMIC_NO_PIC = NO;
				GCC_NO_COMMON_BLOCKS = YES;
				GCC_OPTIMIZATION_LEVEL = 0;
				GCC_PREPROCESSOR_DEFINITIONS = (
					"DEBUG=1",
					"$(inherited)",
				);
				GCC_WARN_64_TO_32_BIT_CONVERSION = YES;
				GCC_WARN_ABOUT_RETURN_TYPE = YES_ERROR;
				GCC_WARN_UNDECLARED_SELECTOR = YES;
				GCC_WARN_UNINITIALIZED_AUTOS = YES_AGGRESSIVE;
				GCC_WARN_UNUSED_FUNCTION = YES;
				GCC_WARN_UNUSED_VARIABLE = YES;
				IPHONEOS_DEPLOYMENT_TARGET = 12.0;
				MTL_ENABLE_DEBUG_INFO = INCLUDE_SOURCE;
				MTL_FAST_MATH = YES;
				ONLY_ACTIVE_ARCH = YES;
				SDKROOT = iphoneos;
			};
			name = Debug;
		};
		04CEEBA32171B181007E4BAF /* Release */ = {
			isa = XCBuildConfiguration;
			buildSettings = {
				ALWAYS_SEARCH_USER_PATHS = NO;
				CLANG_ANALYZER_NONNULL = YES;
				CLANG_ANALYZER_NUMBER_OBJECT_CONVERSION = YES_AGGRESSIVE;
				CLANG_CXX_LANGUAGE_STANDARD = "gnu++14";
				CLANG_CXX_LIBRARY = "libc++";
				CLANG_ENABLE_MODULES = YES;
				CLANG_ENABLE_OBJC_ARC = YES;
				CLANG_ENABLE_OBJC_WEAK = YES;
				CLANG_WARN_BLOCK_CAPTURE_AUTORELEASING = YES;
				CLANG_WARN_BOOL_CONVERSION = YES;
				CLANG_WARN_COMMA = YES;
				CLANG_WARN_CONSTANT_CONVERSION = YES;
				CLANG_WARN_DEPRECATED_OBJC_IMPLEMENTATIONS = YES;
				CLANG_WARN_DIRECT_OBJC_ISA_USAGE = YES_ERROR;
				CLANG_WARN_DOCUMENTATION_COMMENTS = YES;
				CLANG_WARN_EMPTY_BODY = YES;
				CLANG_WARN_ENUM_CONVERSION = YES;
				CLANG_WARN_INFINITE_RECURSION = YES;
				CLANG_WARN_INT_CONVERSION = YES;
				CLANG_WARN_NON_LITERAL_NULL_CONVERSION = YES;
				CLANG_WARN_OBJC_IMPLICIT_RETAIN_SELF = YES;
				CLANG_WARN_OBJC_LITERAL_CONVERSION = YES;
				CLANG_WARN_OBJC_ROOT_CLASS = YES_ERROR;
				CLANG_WARN_RANGE_LOOP_ANALYSIS = YES;
				CLANG_WARN_STRICT_PROTOTYPES = YES;
				CLANG_WARN_SUSPICIOUS_MOVE = YES;
				CLANG_WARN_UNGUARDED_AVAILABILITY = YES_AGGRESSIVE;
				CLANG_WARN_UNREACHABLE_CODE = YES;
				CLANG_WARN__DUPLICATE_METHOD_MATCH = YES;
				CODE_SIGN_IDENTITY = "iPhone Developer";
				COPY_PHASE_STRIP = NO;
				DEBUG_INFORMATION_FORMAT = "dwarf-with-dsym";
				ENABLE_NS_ASSERTIONS = NO;
				ENABLE_STRICT_OBJC_MSGSEND = YES;
				GCC_C_LANGUAGE_STANDARD = gnu11;
				GCC_NO_COMMON_BLOCKS = YES;
				GCC_WARN_64_TO_32_BIT_CONVERSION = YES;
				GCC_WARN_ABOUT_RETURN_TYPE = YES_ERROR;
				GCC_WARN_UNDECLARED_SELECTOR = YES;
				GCC_WARN_UNINITIALIZED_AUTOS = YES_AGGRESSIVE;
				GCC_WARN_UNUSED_FUNCTION = YES;
				GCC_WARN_UNUSED_VARIABLE = YES;
				IPHONEOS_DEPLOYMENT_TARGET = 12.0;
				MTL_ENABLE_DEBUG_INFO = NO;
				MTL_FAST_MATH = YES;
				SDKROOT = iphoneos;
				VALIDATE_PRODUCT = YES;
			};
			name = Release;
		};
		04CEEBA52171B181007E4BAF /* Debug */ = {
			isa = XCBuildConfiguration;
			buildSettings = {
				ASSETCATALOG_COMPILER_APPICON_NAME = AppIcon;
				CODE_SIGN_STYLE = Automatic;
				DEVELOPMENT_TEAM = 94Q433PSKZ;
				INFOPLIST_FILE = "使用block的回调传值/Info.plist";
				LD_RUNPATH_SEARCH_PATHS = (
					"$(inherited)",
					"@executable_path/Frameworks",
				);
				PRODUCT_BUNDLE_IDENTIFIER = "---.--block-----";
				PRODUCT_NAME = "$(TARGET_NAME)";
				TARGETED_DEVICE_FAMILY = "1,2";
			};
			name = Debug;
		};
		04CEEBA62171B181007E4BAF /* Release */ = {
			isa = XCBuildConfiguration;
			buildSettings = {
				ASSETCATALOG_COMPILER_APPICON_NAME = AppIcon;
				CODE_SIGN_STYLE = Automatic;
				DEVELOPMENT_TEAM = 94Q433PSKZ;
				INFOPLIST_FILE = "使用block的回调传值/Info.plist";
				LD_RUNPATH_SEARCH_PATHS = (
					"$(inherited)",
					"@executable_path/Frameworks",
				);
				PRODUCT_BUNDLE_IDENTIFIER = "---.--block-----";
				PRODUCT_NAME = "$(TARGET_NAME)";
				TARGETED_DEVICE_FAMILY = "1,2";
			};
			name = Release;
		};
/* End XCBuildConfiguration section */

/* Begin XCConfigurationList section */
		04CEEB892171B17F007E4BAF /* Build configuration list for PBXProject "使用block的回调传值" */ = {
			isa = XCConfigurationList;
			buildConfigurations = (
				04CEEBA22171B181007E4BAF /* Debug */,
				04CEEBA32171B181007E4BAF /* Release */,
			);
			defaultConfigurationIsVisible = 0;
			defaultConfigurationName = Release;
		};
		04CEEBA42171B181007E4BAF /* Build configuration list for PBXNativeTarget "使用block的回调传值" */ = {
			isa = XCConfigurationList;
			buildConfigurations = (
				04CEEBA52171B181007E4BAF /* Debug */,
				04CEEBA62171B181007E4BAF /* Release */,
			);
			defaultConfigurationIsVisible = 0;
			defaultConfigurationName = Release;
		};
/* End XCConfigurationList section */
	};
	rootObject = 04CEEB862171B17F007E4BAF /* Project object */;
}
